<?xml version="1.0" encoding="utf-8"?>
<Project ToolsVersion="4.0" xmlns="http://schemas.microsoft.com/developer/msbuild/2003">
  <ItemGroup>
    <ClCompile Include="main.cpp" />
    <ClCompile Include="..\xxlib\xx_uv.cpp">
      <Filter>xxlib</Filter>
    </ClCompile>
    <ClCompile Include="..\xxlib\ikcp.cpp">
      <Filter>xxlib</Filter>
    </ClCompile>
    <ClCompile Include="..\sqlite3\sqlite3.c" />
    <ClCompile Include="..\xxlib\http_parser.c">
      <Filter>xxlib</Filter>
    </ClCompile>
  </ItemGroup>
  <ItemGroup>
    <ClInclude Include="main.h" />
    <ClInclude Include="..\xxlib\xx_list.hpp">
      <Filter>xxlib</Filter>
    </ClInclude>
    <ClInclude Include="..\xxlib\xx_mempool.h">
      <Filter>xxlib</Filter>
    </ClInclude>
    <ClInclude Include="..\xxlib\xx_mempool.hpp">
      <Filter>xxlib</Filter>
    </ClInclude>
    <ClInclude Include="..\xxlib\xx_queue.h">
      <Filter>xxlib</Filter>
    </ClInclude>
    <ClInclude Include="..\xxlib\xx_queue.hpp">
      <Filter>xxlib</Filter>
    </ClInclude>
    <ClInclude Include="..\xxlib\xx_string.h">
      <Filter>xxlib</Filter>
    </ClInclude>
    <ClInclude Include="..\xxlib\xx_string.hpp">
      <Filter>xxlib</Filter>
    </ClInclude>
    <ClInclude Include="..\xxlib\xx_uv.h">
      <Filter>xxlib</Filter>
    </ClInclude>
    <ClInclude Include="..\xxlib\ikcp.h">
      <Filter>xxlib</Filter>
    </ClInclude>
    <ClInclude Include="..\xxlib\xx.h">
      <Filter>xxlib</Filter>
    </ClInclude>
    <ClInclude Include="..\xxlib\xx_bbuffer.h">
      <Filter>xxlib</Filter>
    </ClInclude>
    <ClInclude Include="..\xxlib\xx_bbuffer.hpp">
      <Filter>xxlib</Filter>
    </ClInclude>
    <ClInclude Include="..\xxlib\xx_bytesutils.h">
      <Filter>xxlib</Filter>
    </ClInclude>
    <ClInclude Include="..\xxlib\xx_bytesutils.hpp">
      <Filter>xxlib</Filter>
    </ClInclude>
    <ClInclude Include="..\xxlib\xx_charsutils.h">
      <Filter>xxlib</Filter>
    </ClInclude>
    <ClInclude Include="..\xxlib\xx_charsutils.hpp">
      <Filter>xxlib</Filter>
    </ClInclude>
    <ClInclude Include="..\xxlib\xx_dict.h">
      <Filter>xxlib</Filter>
    </ClInclude>
    <ClInclude Include="..\xxlib\xx_dict.hpp">
      <Filter>xxlib</Filter>
    </ClInclude>
    <ClInclude Include="..\xxlib\xx_guid.h">
      <Filter>xxlib</Filter>
    </ClInclude>
    <ClInclude Include="..\xxlib\xx_hashutils.h">
      <Filter>xxlib</Filter>
    </ClInclude>
    <ClInclude Include="..\xxlib\xx_hashutils.hpp">
      <Filter>xxlib</Filter>
    </ClInclude>
    <ClInclude Include="..\xxlib\xx_list.h">
      <Filter>xxlib</Filter>
    </ClInclude>
    <ClInclude Include="..\xxlib\xx_guid.hpp">
      <Filter>xxlib</Filter>
    </ClInclude>
    <ClInclude Include="..\xxlib\xx_logger.h">
      <Filter>xxlib</Filter>
    </ClInclude>
    <ClInclude Include="..\xxlib\xx_sqlite.h">
      <Filter>xxlib</Filter>
    </ClInclude>
    <ClInclude Include="..\xxlib\xx_hashset.h">
      <Filter>xxlib</Filter>
    </ClInclude>
    <ClInclude Include="..\xxlib\xx_hashset.hpp">
      <Filter>xxlib</Filter>
    </ClInclude>
    <ClInclude Include="..\xxlib\http_parser.h">
      <Filter>xxlib</Filter>
    </ClInclude>
  </ItemGroup>
  <ItemGroup>
    <None Include="main.cpp.bak1" />
    <None Include="main.cpp.bak2" />
    <None Include="main.cpp.bak3" />
    <None Include="main.cpp.bak4" />
    <None Include="main.cpp.bak5" />
    <None Include="main.cpp.bak6" />
    <None Include="main.cpp.bak7" />
    <None Include="main.cpp.bak8" />
    <None Include="main.cpp.bak9" />
  </ItemGroup>
  <ItemGroup>
    <Filter Include="xxlib">
      <UniqueIdentifier>{b0aadf6a-d1d1-44bc-9588-f398e8f075a3}</UniqueIdentifier>
    </Filter>
  </ItemGroup>
</Project>