
Microsoft Visual Studio Solution File, Format Version 12.00
# Visual Studio 15
VisualStudioVersion = 15.0.27130.2036
MinimumVisualStudioVersion = 10.0.40219.1
Project("{FAE04EC0-301F-11D3-BF4B-00C04F79EFBC}") = "gen_library", "gen_library\gen_library.csproj", "{7F62E40F-E079-46D2-85E9-661FCE50168C}"
	ProjectSection(ProjectDependencies) = postProject
		{38E47D31-F58D-490D-B6DD-18C3165E7F61} = {38E47D31-F58D-490D-B6DD-18C3165E7F61}
		{597BC47D-B1A6-4707-8C29-F27B9C8CB711} = {597BC47D-B1A6-4707-8C29-F27B9C8CB711}
		{6DD7A5A2-3411-4ECB-A811-2421BE960743} = {6DD7A5A2-3411-4ECB-A811-2421BE960743}
	EndProjectSection
EndProject
Project("{FAE04EC0-301F-11D3-BF4B-00C04F79EFBC}") = "pkggen", "pkggen\pkggen.csproj", "{6F49DE2C-1F92-47C8-B03D-D3D5C66D3CBC}"
EndProject
Project("{FAE04EC0-301F-11D3-BF4B-00C04F79EFBC}") = "xxlib_csharp", "xxlib_csharp\xxlib_csharp.csproj", "{6DD7A5A2-3411-4ECB-A811-2421BE960743}"
EndProject
Project("{2150E333-8FDC-42A3-9474-1A3956D46DE8}") = "docs", "docs", "{03B66A93-339F-4940-B72F-B7D58B2FC3E5}"
	ProjectSection(SolutionItems) = preProject
		README.md = README.md
		docs\test1.db = docs\test1.db
	EndProjectSection
EndProject
Project("{8BC9CEB8-8B4A-11D0-8D11-00A0C91BC942}") = "test_cpp5", "test_cpp5\test_cpp5.vcxproj", "{9947D8D7-2CAB-4637-8F4B-4E2E3DCB7FAB}"
EndProject
Project("{8BC9CEB8-8B4A-11D0-8D11-00A0C91BC942}") = "xxnbsocketlib", "xxnbsocketlib\xxnbsocketlib.vcxproj", "{597BC47D-B1A6-4707-8C29-F27B9C8CB711}"
EndProject
Project("{8BC9CEB8-8B4A-11D0-8D11-00A0C91BC942}") = "xxuvlib", "xxuvlib\xxuvlib.vcxproj", "{38E47D31-F58D-490D-B6DD-18C3165E7F61}"
EndProject
Project("{FAE04EC0-301F-11D3-BF4B-00C04F79EFBC}") = "pkggen_template_RPC", "pkggen_template_RPC\pkggen_template_RPC.csproj", "{081FD731-AF90-4EC5-8CAC-603FC9D3A4CB}"
EndProject
Project("{D954291E-2A0B-460D-934E-DC6B0785DB48}") = "pkg", "pkg\pkg.shproj", "{160A3EE0-261C-4ED1-9194-4C6E75DBC7CF}"
EndProject
Project("{FAE04EC0-301F-11D3-BF4B-00C04F79EFBC}") = "rpc_client", "rpc_client\rpc_client.csproj", "{4CBFFEF7-AF1B-452F-8059-EAACC95B446B}"
EndProject
Project("{FAE04EC0-301F-11D3-BF4B-00C04F79EFBC}") = "rpc_server_db", "rpc_server_db\rpc_server_db.csproj", "{6B685BA4-FAD4-4227-BECF-D341F09A8256}"
EndProject
Project("{FAE04EC0-301F-11D3-BF4B-00C04F79EFBC}") = "rpc_server_login", "rpc_server_login\rpc_server_login.csproj", "{85F10995-1A5B-4640-BD60-89F3E1D0C483}"
EndProject
Project("{FAE04EC0-301F-11D3-BF4B-00C04F79EFBC}") = "rpc_client_lua", "rpc_client_lua\rpc_client_lua.csproj", "{5F3A0385-E8A2-4422-981F-B65F87FEDD27}"
EndProject
Project("{8BC9CEB8-8B4A-11D0-8D11-00A0C91BC942}") = "test_cpp9_xxlib", "test_cpp9_xxlib\test_cpp9_xxlib.vcxproj", "{FB4473DE-D72B-4732-AC36-785D83BE5AFE}"
EndProject
Project("{FAE04EC0-301F-11D3-BF4B-00C04F79EFBC}") = "rpc_manage", "rpc_manage\rpc_manage.csproj", "{77C8BA45-84F7-4F37-8A3B-33ADA63EDEF7}"
EndProject
Project("{FAE04EC0-301F-11D3-BF4B-00C04F79EFBC}") = "rpc_client_udp", "rpc_client_udp\rpc_client_udp.csproj", "{81F5A627-3698-43C3-84FF-DC65F2A73B47}"
EndProject
Project("{D954291E-2A0B-460D-934E-DC6B0785DB48}") = "db", "db\db.shproj", "{A9662F53-81E7-4019-915F-4B92FED39A70}"
EndProject
Project("{8BC9CEB8-8B4A-11D0-8D11-00A0C91BC942}") = "xxloglib", "xxloglib\xxloglib.vcxproj", "{D8BFF53C-188B-4D4D-8483-0A1F9DFE39F6}"
EndProject
Project("{FAE04EC0-301F-11D3-BF4B-00C04F79EFBC}") = "pkggen_template_PKG", "pkggen_template_PKG\pkggen_template_PKG.csproj", "{82112FE9-6A59-4F6D-A295-D4C7C039A977}"
EndProject
Project("{FAE04EC0-301F-11D3-BF4B-00C04F79EFBC}") = "test_csharp4", "test_csharp4\test_csharp4.csproj", "{787EC44F-A955-4E7C-AF59-166C676AFD5E}"
EndProject
Project("{9A19103F-16F7-4668-BE54-9A1E7A4F7556}") = "test_core1", "test_core1\test_core1.csproj", "{8E8C3082-DBC2-487D-81D4-272E72A1B5A1}"
EndProject
Project("{FAE04EC0-301F-11D3-BF4B-00C04F79EFBC}") = "test_csharp3", "test_csharp3\test_csharp3.csproj", "{40783734-2418-451C-8B7E-472A33C6D93B}"
EndProject
Project("{FAE04EC0-301F-11D3-BF4B-00C04F79EFBC}") = "pkggen_template_LOGDB", "pkggen_template_LOGDB\pkggen_template_LOGDB.csproj", "{5B2E7DB8-88AE-4B5D-9456-440EB0788E0E}"
EndProject
Project("{FAE04EC0-301F-11D3-BF4B-00C04F79EFBC}") = "pkggen_template_MYSQLGEN", "pkggen_template_MYSQLGEN\pkggen_template_MYSQLGEN.csproj", "{630421AF-33E7-4514-9437-5FCD83EBAD2E}"
EndProject
Project("{FAE04EC0-301F-11D3-BF4B-00C04F79EFBC}") = "mysql_tmp_gen", "mysql_tmp_gen\mysql_tmp_gen.csproj", "{FEABEB03-E98F-4265-8A7E-FE2E18CCC25E}"
EndProject
Project("{8BC9CEB8-8B4A-11D0-8D11-00A0C91BC942}") = "test_cpp4", "test_cpp4\test_cpp4.vcxproj", "{52940E70-11D7-44E8-8A3F-C91AA603A902}"
EndProject
Project("{8BC9CEB8-8B4A-11D0-8D11-00A0C91BC942}") = "test_cpp3", "test_cpp3\test_cpp3.vcxproj", "{9947D8D7-2CAB-4637-8F4B-5E2E3DCB7FAB}"
EndProject
Global
	GlobalSection(SharedMSBuildProjectFiles) = preSolution
		pkg\pkg.projitems*{160a3ee0-261c-4ed1-9194-4c6e75dbc7cf}*SharedItemsImports = 13
		pkg\pkg.projitems*{4cbffef7-af1b-452f-8059-eaacc95b446b}*SharedItemsImports = 4
		pkg\pkg.projitems*{5f3a0385-e8a2-4422-981f-b65f87fedd27}*SharedItemsImports = 4
		pkg\pkg.projitems*{6b685ba4-fad4-4227-becf-d341f09a8256}*SharedItemsImports = 4
		pkg\pkg.projitems*{77c8ba45-84f7-4f37-8a3b-33ada63edef7}*SharedItemsImports = 4
		pkg\pkg.projitems*{787ec44f-a955-4e7c-af59-166c676afd5e}*SharedItemsImports = 4
		pkg\pkg.projitems*{81f5a627-3698-43c3-84ff-dc65f2a73b47}*SharedItemsImports = 4
		pkg\pkg.projitems*{85f10995-1a5b-4640-bd60-89f3e1d0c483}*SharedItemsImports = 4
		db\db.projitems*{a9662f53-81e7-4019-915f-4b92fed39a70}*SharedItemsImports = 13
	EndGlobalSection
	GlobalSection(SolutionConfigurationPlatforms) = preSolution
		Debug|x64 = Debug|x64
		Release|x64 = Release|x64
	EndGlobalSection
	GlobalSection(ProjectConfigurationPlatforms) = postSolution
		{7F62E40F-E079-46D2-85E9-661FCE50168C}.Debug|x64.ActiveCfg = Debug|x64
		{7F62E40F-E079-46D2-85E9-661FCE50168C}.Debug|x64.Build.0 = Debug|x64
		{7F62E40F-E079-46D2-85E9-661FCE50168C}.Release|x64.ActiveCfg = Release|x64
		{7F62E40F-E079-46D2-85E9-661FCE50168C}.Release|x64.Build.0 = Release|x64
		{6F49DE2C-1F92-47C8-B03D-D3D5C66D3CBC}.Debug|x64.ActiveCfg = Debug|x64
		{6F49DE2C-1F92-47C8-B03D-D3D5C66D3CBC}.Debug|x64.Build.0 = Debug|x64
		{6F49DE2C-1F92-47C8-B03D-D3D5C66D3CBC}.Release|x64.ActiveCfg = Release|x64
		{6F49DE2C-1F92-47C8-B03D-D3D5C66D3CBC}.Release|x64.Build.0 = Release|x64
		{6DD7A5A2-3411-4ECB-A811-2421BE960743}.Debug|x64.ActiveCfg = Debug|x64
		{6DD7A5A2-3411-4ECB-A811-2421BE960743}.Debug|x64.Build.0 = Debug|x64
		{6DD7A5A2-3411-4ECB-A811-2421BE960743}.Release|x64.ActiveCfg = Release|x64
		{6DD7A5A2-3411-4ECB-A811-2421BE960743}.Release|x64.Build.0 = Release|x64
		{9947D8D7-2CAB-4637-8F4B-4E2E3DCB7FAB}.Debug|x64.ActiveCfg = Debug|x64
		{9947D8D7-2CAB-4637-8F4B-4E2E3DCB7FAB}.Debug|x64.Build.0 = Debug|x64
		{9947D8D7-2CAB-4637-8F4B-4E2E3DCB7FAB}.Release|x64.ActiveCfg = Release|x64
		{9947D8D7-2CAB-4637-8F4B-4E2E3DCB7FAB}.Release|x64.Build.0 = Release|x64
		{597BC47D-B1A6-4707-8C29-F27B9C8CB711}.Debug|x64.ActiveCfg = Debug|x64
		{597BC47D-B1A6-4707-8C29-F27B9C8CB711}.Debug|x64.Build.0 = Debug|x64
		{597BC47D-B1A6-4707-8C29-F27B9C8CB711}.Release|x64.ActiveCfg = Release|x64
		{597BC47D-B1A6-4707-8C29-F27B9C8CB711}.Release|x64.Build.0 = Release|x64
		{38E47D31-F58D-490D-B6DD-18C3165E7F61}.Debug|x64.ActiveCfg = Debug|x64
		{38E47D31-F58D-490D-B6DD-18C3165E7F61}.Debug|x64.Build.0 = Debug|x64
		{38E47D31-F58D-490D-B6DD-18C3165E7F61}.Release|x64.ActiveCfg = Release|x64
		{38E47D31-F58D-490D-B6DD-18C3165E7F61}.Release|x64.Build.0 = Release|x64
		{081FD731-AF90-4EC5-8CAC-603FC9D3A4CB}.Debug|x64.ActiveCfg = Debug|x64
		{081FD731-AF90-4EC5-8CAC-603FC9D3A4CB}.Debug|x64.Build.0 = Debug|x64
		{081FD731-AF90-4EC5-8CAC-603FC9D3A4CB}.Release|x64.ActiveCfg = Release|x64
		{081FD731-AF90-4EC5-8CAC-603FC9D3A4CB}.Release|x64.Build.0 = Release|x64
		{4CBFFEF7-AF1B-452F-8059-EAACC95B446B}.Debug|x64.ActiveCfg = Debug|x64
		{4CBFFEF7-AF1B-452F-8059-EAACC95B446B}.Debug|x64.Build.0 = Debug|x64
		{4CBFFEF7-AF1B-452F-8059-EAACC95B446B}.Release|x64.ActiveCfg = Release|x64
		{4CBFFEF7-AF1B-452F-8059-EAACC95B446B}.Release|x64.Build.0 = Release|x64
		{6B685BA4-FAD4-4227-BECF-D341F09A8256}.Debug|x64.ActiveCfg = Debug|x64
		{6B685BA4-FAD4-4227-BECF-D341F09A8256}.Debug|x64.Build.0 = Debug|x64
		{6B685BA4-FAD4-4227-BECF-D341F09A8256}.Release|x64.ActiveCfg = Release|x64
		{6B685BA4-FAD4-4227-BECF-D341F09A8256}.Release|x64.Build.0 = Release|x64
		{85F10995-1A5B-4640-BD60-89F3E1D0C483}.Debug|x64.ActiveCfg = Debug|x64
		{85F10995-1A5B-4640-BD60-89F3E1D0C483}.Debug|x64.Build.0 = Debug|x64
		{85F10995-1A5B-4640-BD60-89F3E1D0C483}.Release|x64.ActiveCfg = Release|x64
		{85F10995-1A5B-4640-BD60-89F3E1D0C483}.Release|x64.Build.0 = Release|x64
		{5F3A0385-E8A2-4422-981F-B65F87FEDD27}.Debug|x64.ActiveCfg = Debug|x64
		{5F3A0385-E8A2-4422-981F-B65F87FEDD27}.Debug|x64.Build.0 = Debug|x64
		{5F3A0385-E8A2-4422-981F-B65F87FEDD27}.Release|x64.ActiveCfg = Release|x64
		{5F3A0385-E8A2-4422-981F-B65F87FEDD27}.Release|x64.Build.0 = Release|x64
		{FB4473DE-D72B-4732-AC36-785D83BE5AFE}.Debug|x64.ActiveCfg = Debug|x64
		{FB4473DE-D72B-4732-AC36-785D83BE5AFE}.Debug|x64.Build.0 = Debug|x64
		{FB4473DE-D72B-4732-AC36-785D83BE5AFE}.Release|x64.ActiveCfg = Release|x64
		{FB4473DE-D72B-4732-AC36-785D83BE5AFE}.Release|x64.Build.0 = Release|x64
		{77C8BA45-84F7-4F37-8A3B-33ADA63EDEF7}.Debug|x64.ActiveCfg = Debug|x64
		{77C8BA45-84F7-4F37-8A3B-33ADA63EDEF7}.Debug|x64.Build.0 = Debug|x64
		{77C8BA45-84F7-4F37-8A3B-33ADA63EDEF7}.Release|x64.ActiveCfg = Release|x64
		{77C8BA45-84F7-4F37-8A3B-33ADA63EDEF7}.Release|x64.Build.0 = Release|x64
		{81F5A627-3698-43C3-84FF-DC65F2A73B47}.Debug|x64.ActiveCfg = Debug|x64
		{81F5A627-3698-43C3-84FF-DC65F2A73B47}.Debug|x64.Build.0 = Debug|x64
		{81F5A627-3698-43C3-84FF-DC65F2A73B47}.Release|x64.ActiveCfg = Release|x64
		{81F5A627-3698-43C3-84FF-DC65F2A73B47}.Release|x64.Build.0 = Release|x64
		{D8BFF53C-188B-4D4D-8483-0A1F9DFE39F6}.Debug|x64.ActiveCfg = Debug|x64
		{D8BFF53C-188B-4D4D-8483-0A1F9DFE39F6}.Debug|x64.Build.0 = Debug|x64
		{D8BFF53C-188B-4D4D-8483-0A1F9DFE39F6}.Release|x64.ActiveCfg = Release|x64
		{D8BFF53C-188B-4D4D-8483-0A1F9DFE39F6}.Release|x64.Build.0 = Release|x64
		{82112FE9-6A59-4F6D-A295-D4C7C039A977}.Debug|x64.ActiveCfg = Debug|x64
		{82112FE9-6A59-4F6D-A295-D4C7C039A977}.Debug|x64.Build.0 = Debug|x64
		{82112FE9-6A59-4F6D-A295-D4C7C039A977}.Release|x64.ActiveCfg = Release|x64
		{82112FE9-6A59-4F6D-A295-D4C7C039A977}.Release|x64.Build.0 = Release|x64
		{787EC44F-A955-4E7C-AF59-166C676AFD5E}.Debug|x64.ActiveCfg = Debug|x64
		{787EC44F-A955-4E7C-AF59-166C676AFD5E}.Debug|x64.Build.0 = Debug|x64
		{787EC44F-A955-4E7C-AF59-166C676AFD5E}.Release|x64.ActiveCfg = Release|x64
		{787EC44F-A955-4E7C-AF59-166C676AFD5E}.Release|x64.Build.0 = Release|x64
		{8E8C3082-DBC2-487D-81D4-272E72A1B5A1}.Debug|x64.ActiveCfg = Debug|x64
		{8E8C3082-DBC2-487D-81D4-272E72A1B5A1}.Debug|x64.Build.0 = Debug|x64
		{8E8C3082-DBC2-487D-81D4-272E72A1B5A1}.Release|x64.ActiveCfg = Release|x64
		{8E8C3082-DBC2-487D-81D4-272E72A1B5A1}.Release|x64.Build.0 = Release|x64
		{40783734-2418-451C-8B7E-472A33C6D93B}.Debug|x64.ActiveCfg = Debug|x64
		{40783734-2418-451C-8B7E-472A33C6D93B}.Debug|x64.Build.0 = Debug|x64
		{40783734-2418-451C-8B7E-472A33C6D93B}.Release|x64.ActiveCfg = Release|x64
		{40783734-2418-451C-8B7E-472A33C6D93B}.Release|x64.Build.0 = Release|x64
		{5B2E7DB8-88AE-4B5D-9456-440EB0788E0E}.Debug|x64.ActiveCfg = Debug|x64
		{5B2E7DB8-88AE-4B5D-9456-440EB0788E0E}.Debug|x64.Build.0 = Debug|x64
		{5B2E7DB8-88AE-4B5D-9456-440EB0788E0E}.Release|x64.ActiveCfg = Release|x64
		{5B2E7DB8-88AE-4B5D-9456-440EB0788E0E}.Release|x64.Build.0 = Release|x64
		{630421AF-33E7-4514-9437-5FCD83EBAD2E}.Debug|x64.ActiveCfg = Debug|x64
		{630421AF-33E7-4514-9437-5FCD83EBAD2E}.Debug|x64.Build.0 = Debug|x64
		{630421AF-33E7-4514-9437-5FCD83EBAD2E}.Release|x64.ActiveCfg = Release|x64
		{630421AF-33E7-4514-9437-5FCD83EBAD2E}.Release|x64.Build.0 = Release|x64
		{FEABEB03-E98F-4265-8A7E-FE2E18CCC25E}.Debug|x64.ActiveCfg = Debug|x64
		{FEABEB03-E98F-4265-8A7E-FE2E18CCC25E}.Debug|x64.Build.0 = Debug|x64
		{FEABEB03-E98F-4265-8A7E-FE2E18CCC25E}.Release|x64.ActiveCfg = Release|x64
		{FEABEB03-E98F-4265-8A7E-FE2E18CCC25E}.Release|x64.Build.0 = Release|x64
		{52940E70-11D7-44E8-8A3F-C91AA603A902}.Debug|x64.ActiveCfg = Debug|x64
		{52940E70-11D7-44E8-8A3F-C91AA603A902}.Debug|x64.Build.0 = Debug|x64
		{52940E70-11D7-44E8-8A3F-C91AA603A902}.Release|x64.ActiveCfg = Release|Win32
		{52940E70-11D7-44E8-8A3F-C91AA603A902}.Release|x64.Build.0 = Release|Win32
		{9947D8D7-2CAB-4637-8F4B-5E2E3DCB7FAB}.Debug|x64.ActiveCfg = Debug|x64
		{9947D8D7-2CAB-4637-8F4B-5E2E3DCB7FAB}.Debug|x64.Build.0 = Debug|x64
		{9947D8D7-2CAB-4637-8F4B-5E2E3DCB7FAB}.Release|x64.ActiveCfg = Release|x64
		{9947D8D7-2CAB-4637-8F4B-5E2E3DCB7FAB}.Release|x64.Build.0 = Release|x64
	EndGlobalSection
	GlobalSection(SolutionProperties) = preSolution
		HideSolutionNode = FALSE
	EndGlobalSection
	GlobalSection(ExtensibilityGlobals) = postSolution
		SolutionGuid = {D92CB54B-ED4C-4D8E-9643-32D47BB48EDA}
	EndGlobalSection
EndGlobal
