<?xml version="1.0" encoding="utf-8"?>
<Project ToolsVersion="4.0" xmlns="http://schemas.microsoft.com/developer/msbuild/2003">
  <ItemGroup>
    <ClCompile Include="main.cpp" />
  </ItemGroup>
  <ItemGroup>
    <Filter Include="xx">
      <UniqueIdentifier>{c0bd2e8f-e2ba-4c51-babb-4809b75bb96e}</UniqueIdentifier>
    </Filter>
  </ItemGroup>
  <ItemGroup>
    <ClInclude Include="..\..\src\xx_mempool.h">
      <Filter>xx</Filter>
    </ClInclude>
    <ClInclude Include="..\..\src\xx_mpobject.h">
      <Filter>xx</Filter>
    </ClInclude>
    <ClInclude Include="..\..\src\xx_defines.h">
      <Filter>xx</Filter>
    </ClInclude>
    <ClInclude Include="..\..\src\xx_mptr.h">
      <Filter>xx</Filter>
    </ClInclude>
    <ClInclude Include="..\..\src\xx_memheader.h">
      <Filter>xx</Filter>
    </ClInclude>
    <ClInclude Include="..\..\src\xx_luahelper.h">
      <Filter>xx</Filter>
    </ClInclude>
    <ClInclude Include="..\..\src\xx_list.h">
      <Filter>xx</Filter>
    </ClInclude>
    <ClInclude Include="..\..\src\xx_links.h">
      <Filter>xx</Filter>
    </ClInclude>
    <ClInclude Include="..\..\src\xx_dict.h">
      <Filter>xx</Filter>
    </ClInclude>
    <ClInclude Include="..\..\src\xx_hashutils.h">
      <Filter>xx</Filter>
    </ClInclude>
    <ClInclude Include="..\..\src\xx_charsutils.h">
      <Filter>xx</Filter>
    </ClInclude>
    <ClInclude Include="..\..\src\xx_string.h">
      <Filter>xx</Filter>
    </ClInclude>
    <ClInclude Include="..\..\src\xx_timer.h">
      <Filter>xx</Filter>
    </ClInclude>
    <ClInclude Include="..\..\src\xx_cursorpool.h">
      <Filter>xx</Filter>
    </ClInclude>
    <ClInclude Include="..\..\src\ajson.hpp">
      <Filter>xx</Filter>
    </ClInclude>
    <ClInclude Include="..\..\src\xx_random.h">
      <Filter>xx</Filter>
    </ClInclude>
    <ClInclude Include="..\..\src\xx_bbuffer.h">
      <Filter>xx</Filter>
    </ClInclude>
    <ClInclude Include="..\..\src\xx_bytesutils.h">
      <Filter>xx</Filter>
    </ClInclude>
    <ClInclude Include="..\..\src\xx_structs.h">
      <Filter>xx</Filter>
    </ClInclude>
    <ClInclude Include="..\..\src\xx_queue.h">
      <Filter>xx</Filter>
    </ClInclude>
    <ClInclude Include="..\..\src\xx_bbqueue.h">
      <Filter>xx</Filter>
    </ClInclude>
  </ItemGroup>
  <ItemGroup>
    <Natvis Include="..\..\src\xx.natvis">
      <Filter>xx</Filter>
    </Natvis>
  </ItemGroup>
</Project>