<?xml version="1.0" encoding="utf-8"?>
<Project ToolsVersion="4.0" xmlns="http://schemas.microsoft.com/developer/msbuild/2003">
  <ItemGroup>
    <ClInclude Include="DetourAssert.h" />
    <ClInclude Include="DetourCommon.h" />
    <ClInclude Include="DetourMath.h" />
    <ClInclude Include="DetourNavMesh.h" />
    <ClInclude Include="DetourNavMeshBuilder.h" />
    <ClInclude Include="DetourNavMeshQuery.h" />
    <ClInclude Include="DetourNode.h" />
    <ClInclude Include="DetourStatus.h" />
    <ClInclude Include="UnityGeom.h" />
    <ClInclude Include="DetourAlloc.h" />
  </ItemGroup>
  <ItemGroup>
    <ClCompile Include="DetourCommon.cpp" />
    <ClCompile Include="DetourNavMesh.cpp" />
    <ClCompile Include="DetourNavMeshBuilder.cpp" />
    <ClCompile Include="DetourNavMeshQuery.cpp" />
    <ClCompile Include="DetourNode.cpp" />
    <ClCompile Include="UnityGeom.cpp" />
    <ClCompile Include="DetourAlloc.cpp" />
    <ClCompile Include="main.cpp" />
  </ItemGroup>
</Project>